{
  "name": "lambda",
  "version": "1.0.0",
  "lockfileVersion": 3,
  "requires": true,
  "packages": {
    "": {
      "name": "lambda",
      "version": "1.0.0",
      "license": "ISC",
      "dependencies": {
        "x2js": "^3.4.4"
      }
    },
    "node_modules/@xmldom/xmldom": {
      "version": "0.8.10",
      "resolved": "https://registry.npmjs.org/@xmldom/xmldom/-/xmldom-0.8.10.tgz",
      "integrity": "sha512-2WALfTl4xo2SkGCYRt6rDTFfk9R1czmBvUQy12gK2KuRKIpWEhcbbzy8EZXtz/jkRqHX8bFEc6FC1HjX4TUWYw==",
      "engines": {
        "node": ">=10.0.0"
      }
    },
    "node_modules/x2js": {
      "version": "3.4.4",
      "resolved": "https://registry.npmjs.org/x2js/-/x2js-3.4.4.tgz",
      "integrity": "sha512-yG/ThaBCgnsa3aoMPAe7QwDpcyU4D70hjXC4Y1lZSfD/Tgd0MpE19FnZZRAjekryw0c8cffpOt9zsPEiqktO6Q==",
      "dependencies": {
        "@xmldom/xmldom": "^0.8.3"
      }
    }
  }
}
